{
  "nodes": {
    "dbusProxyFlake": {
      "inputs": {
        "nixpkgs": [
          "nixpkgs"
        ]
      },
      "locked": {
        "lastModified": 1728059735,
        "narHash": "sha256-AeKYKaPYADWkufB9OicPNTrcm1mQfkuMI+7WKidppNw=",
        "owner": "stefano-m",
        "repo": "lua-dbus_proxy",
        "rev": "986bf1a4dc481a753c812c6035d2277a149c9b2a",
        "type": "github"
      },
      "original": {
        "owner": "stefano-m",
        "ref": "master",
        "repo": "lua-dbus_proxy",
        "type": "github"
      }
    },
    "nixpkgs": {
      "locked": {
        "lastModified": 1735563628,
        "narHash": "sha256-OnSAY7XDSx7CtDoqNh8jwVwh4xNL/2HaJxGjryLWzX8=",
        "owner": "NixOS",
        "repo": "nixpkgs",
        "rev": "b134951a4c9f3c995fd7be05f3243f8ecd65d798",
        "type": "github"
      },
      "original": {
        "owner": "NixOS",
        "ref": "nixos-24.05",
        "repo": "nixpkgs",
        "type": "github"
      }
    },
    "root": {
      "inputs": {
        "dbusProxyFlake": "dbusProxyFlake",
        "nixpkgs": "nixpkgs"
      }
    }
  },
  "root": "root",
  "version": 7
}
